
Microsoft Visual Studio Solution File, Format Version 12.00
# Visual Studio Version 16
VisualStudioVersion = 16.0.30611.23
MinimumVisualStudioVersion = 10.0.40219.1
Project("{FAE04EC0-301F-11D3-BF4B-00C04F79EFBC}") = "WpfStep1", "WpfStep1\WpfStep1.csproj", "{7EC4B304-349F-496B-9337-1EF79B303880}"
EndProject
Global
	GlobalSection(SolutionConfigurationPlatforms) = preSolution
		Debug|Any CPU = Debug|Any CPU
		Release|Any CPU = Release|Any CPU
	EndGlobalSection
	GlobalSection(ProjectConfigurationPlatforms) = postSolution
		{7EC4B304-349F-496B-9337-1EF79B303880}.Debug|Any CPU.ActiveCfg = Debug|Any CPU
		{7EC4B304-349F-496B-9337-1EF79B303880}.Debug|Any CPU.Build.0 = Debug|Any CPU
		{7EC4B304-349F-496B-9337-1EF79B303880}.Release|Any CPU.ActiveCfg = Release|Any CPU
		{7EC4B304-349F-496B-9337-1EF79B303880}.Release|Any CPU.Build.0 = Release|Any CPU
	EndGlobalSection
	GlobalSection(SolutionProperties) = preSolution
		HideSolutionNode = FALSE
	EndGlobalSection
	GlobalSection(ExtensibilityGlobals) = postSolution
		SolutionGuid = {D3C9943E-4F8B-4A1C-B2DD-8B1B7741B267}
	EndGlobalSection
EndGlobal
